
Microsoft Visual Studio Solution File, Format Version 12.00
# Visual Studio 15
VisualStudioVersion = 15.0.28307.102
MinimumVisualStudioVersion = 10.0.40219.1
Project("{FAE04EC0-301F-11D3-BF4B-00C04F79EFBC}") = "FNATouch", "FNATouch\FNATouch.csproj", "{22B10947-FBB6-465A-8404-DD0A792C9F10}"
EndProject
Global
	GlobalSection(SolutionConfigurationPlatforms) = preSolution
		Debug|Any CPU = Debug|Any CPU
		Release|Any CPU = Release|Any CPU
	EndGlobalSection
	GlobalSection(ProjectConfigurationPlatforms) = postSolution
		{22B10947-FBB6-465A-8404-DD0A792C9F10}.Debug|Any CPU.ActiveCfg = Debug|Any CPU
		{22B10947-FBB6-465A-8404-DD0A792C9F10}.Debug|Any CPU.Build.0 = Debug|Any CPU
		{22B10947-FBB6-465A-8404-DD0A792C9F10}.Release|Any CPU.ActiveCfg = Release|Any CPU
		{22B10947-FBB6-465A-8404-DD0A792C9F10}.Release|Any CPU.Build.0 = Release|Any CPU
	EndGlobalSection
	GlobalSection(SolutionProperties) = preSolution
		HideSolutionNode = FALSE
	EndGlobalSection
	GlobalSection(ExtensibilityGlobals) = postSolution
		SolutionGuid = {D48729FE-2935-49DE-9B4D-7A59D221FE7C}
	EndGlobalSection
EndGlobal
